
Microsoft Visual Studio Solution File, Format Version 12.00
# Visual Studio Version 17
VisualStudioVersion = 17.4.33213.308
MinimumVisualStudioVersion = 10.0.40219.1
Project("{2150E333-8FDC-42A3-9474-1A3956D46DE8}") = "Services", "Services", "{4890AC70-0EF4-4D03-A73A-70B4E9A9AAFB}"
EndProject
Project("{2150E333-8FDC-42A3-9474-1A3956D46DE8}") = "Catalog", "Catalog", "{FCC2455F-FAD3-477C-A7F4-959715BB9619}"
EndProject
Project("{9A19103F-16F7-4668-BE54-9A1E7A4F7556}") = "Catalog.API", "Services\Catalog\Catalog.API\Catalog.API.csproj", "{0B2934BD-788E-4254-A84F-1EC4A57098B0}"
EndProject
Project("{E53339B2-1760-4266-BCC7-CA923CBCF16C}") = "docker-compose", "docker-compose.dcproj", "{C56929DB-28A4-4220-915C-F48F2C9CEC4D}"
EndProject
Project("{2150E333-8FDC-42A3-9474-1A3956D46DE8}") = "Basket", "Basket", "{413E2116-5F40-4C53-BF0B-429C2DE73E9A}"
EndProject
Project("{FAE04EC0-301F-11D3-BF4B-00C04F79EFBC}") = "Basket.API", "Services\Basket\Basket.API\Basket.API.csproj", "{9A5CAA9D-CF97-4D28-B7D1-58C4DD5474A3}"
EndProject
Project("{2150E333-8FDC-42A3-9474-1A3956D46DE8}") = "Discount", "Discount", "{C9B128EB-10AD-42C6-8AD0-5A6B4BB95D55}"
EndProject
Project("{FAE04EC0-301F-11D3-BF4B-00C04F79EFBC}") = "Discount.API", "Services\Discount\Discount.API\Discount.API.csproj", "{905A6D2F-1108-46DA-8F51-4B574A2C16E9}"
EndProject
Global
	GlobalSection(SolutionConfigurationPlatforms) = preSolution
		Debug|Any CPU = Debug|Any CPU
		Release|Any CPU = Release|Any CPU
	EndGlobalSection
	GlobalSection(ProjectConfigurationPlatforms) = postSolution
		{0B2934BD-788E-4254-A84F-1EC4A57098B0}.Debug|Any CPU.ActiveCfg = Debug|Any CPU
		{0B2934BD-788E-4254-A84F-1EC4A57098B0}.Debug|Any CPU.Build.0 = Debug|Any CPU
		{0B2934BD-788E-4254-A84F-1EC4A57098B0}.Release|Any CPU.ActiveCfg = Release|Any CPU
		{0B2934BD-788E-4254-A84F-1EC4A57098B0}.Release|Any CPU.Build.0 = Release|Any CPU
		{C56929DB-28A4-4220-915C-F48F2C9CEC4D}.Debug|Any CPU.ActiveCfg = Debug|Any CPU
		{C56929DB-28A4-4220-915C-F48F2C9CEC4D}.Debug|Any CPU.Build.0 = Debug|Any CPU
		{C56929DB-28A4-4220-915C-F48F2C9CEC4D}.Release|Any CPU.ActiveCfg = Release|Any CPU
		{C56929DB-28A4-4220-915C-F48F2C9CEC4D}.Release|Any CPU.Build.0 = Release|Any CPU
		{9A5CAA9D-CF97-4D28-B7D1-58C4DD5474A3}.Debug|Any CPU.ActiveCfg = Debug|Any CPU
		{9A5CAA9D-CF97-4D28-B7D1-58C4DD5474A3}.Debug|Any CPU.Build.0 = Debug|Any CPU
		{9A5CAA9D-CF97-4D28-B7D1-58C4DD5474A3}.Release|Any CPU.ActiveCfg = Release|Any CPU
		{9A5CAA9D-CF97-4D28-B7D1-58C4DD5474A3}.Release|Any CPU.Build.0 = Release|Any CPU
		{905A6D2F-1108-46DA-8F51-4B574A2C16E9}.Debug|Any CPU.ActiveCfg = Debug|Any CPU
		{905A6D2F-1108-46DA-8F51-4B574A2C16E9}.Debug|Any CPU.Build.0 = Debug|Any CPU
		{905A6D2F-1108-46DA-8F51-4B574A2C16E9}.Release|Any CPU.ActiveCfg = Release|Any CPU
		{905A6D2F-1108-46DA-8F51-4B574A2C16E9}.Release|Any CPU.Build.0 = Release|Any CPU
	EndGlobalSection
	GlobalSection(SolutionProperties) = preSolution
		HideSolutionNode = FALSE
	EndGlobalSection
	GlobalSection(NestedProjects) = preSolution
		{FCC2455F-FAD3-477C-A7F4-959715BB9619} = {4890AC70-0EF4-4D03-A73A-70B4E9A9AAFB}
		{0B2934BD-788E-4254-A84F-1EC4A57098B0} = {FCC2455F-FAD3-477C-A7F4-959715BB9619}
		{413E2116-5F40-4C53-BF0B-429C2DE73E9A} = {4890AC70-0EF4-4D03-A73A-70B4E9A9AAFB}
		{9A5CAA9D-CF97-4D28-B7D1-58C4DD5474A3} = {413E2116-5F40-4C53-BF0B-429C2DE73E9A}
		{C9B128EB-10AD-42C6-8AD0-5A6B4BB95D55} = {4890AC70-0EF4-4D03-A73A-70B4E9A9AAFB}
		{905A6D2F-1108-46DA-8F51-4B574A2C16E9} = {C9B128EB-10AD-42C6-8AD0-5A6B4BB95D55}
	EndGlobalSection
	GlobalSection(ExtensibilityGlobals) = postSolution
		SolutionGuid = {16384D3A-3C39-4BEB-8C7A-524F093105A5}
	EndGlobalSection
EndGlobal
